// !$*UTF8*$!
{
	archiveVersion = 1;
	classes = {
	};
	objectVersion = 46;
	objects = {

/* Begin PBXBuildFile section */
		8A1C5F1E1DA7300D00E6EFCE /* AppDelegate.swift in Sources */ = {isa = PBXBuildFile; fileRef = 8A1C5F1D1DA7300D00E6EFCE /* AppDelegate.swift */; };
		8A1C5F201DA7300D00E6EFCE /* ViewController.swift in Sources */ = {isa = PBXBuildFile; fileRef = 8A1C5F1F1DA7300D00E6EFCE /* ViewController.swift */; };
		8A1C5F231DA7300D00E6EFCE /* Main.storyboard in Resources */ = {isa = PBXBuildFile; fileRef = 8A1C5F211DA7300D00E6EFCE /* Main.storyboard */; };
		8A1C5F251DA7300D00E6EFCE /* Assets.xcassets in Resources */ = {isa = PBXBuildFile; fileRef = 8A1C5F241DA7300D00E6EFCE /* Assets.xcassets */; };
		8A1C5F281DA7300D00E6EFCE /* LaunchScreen.storyboard in Resources */ = {isa = PBXBuildFile; fileRef = 8A1C5F261DA7300D00E6EFCE /* LaunchScreen.storyboard */; };
		8A1C5F331DA7300D00E6EFCE /* donggukTests.swift in Sources */ = {isa = PBXBuildFile; fileRef = 8A1C5F321DA7300D00E6EFCE /* donggukTests.swift */; };
		8A1C5F3E1DA7300D00E6EFCE /* donggukUITests.swift in Sources */ = {isa = PBXBuildFile; fileRef = 8A1C5F3D1DA7300D00E6EFCE /* donggukUITests.swift */; };
/* End PBXBuildFile section */

/* Begin PBXContainerItemProxy section */
		8A1C5F2F1DA7300D00E6EFCE /* PBXContainerItemProxy */ = {
			isa = PBXContainerItemProxy;
			containerPortal = 8A1C5F121DA7300C00E6EFCE /* Project object */;
			proxyType = 1;
			remoteGlobalIDString = 8A1C5F191DA7300D00E6EFCE;
			remoteInfo = dongguk;
		};
		8A1C5F3A1DA7300D00E6EFCE /* PBXContainerItemProxy */ = {
			isa = PBXContainerItemProxy;
			containerPortal = 8A1C5F121DA7300C00E6EFCE /* Project object */;
			proxyType = 1;
			remoteGlobalIDString = 8A1C5F191DA7300D00E6EFCE;
			remoteInfo = dongguk;
		};
/* End PBXContainerItemProxy section */

/* Begin PBXFileReference section */
		8A1C5F1A1DA7300D00E6EFCE /* dongguk.app */ = {isa = PBXFileReference; explicitFileType = wrapper.application; includeInIndex = 0; path = dongguk.app; sourceTree = BUILT_PRODUCTS_DIR; };
		8A1C5F1D1DA7300D00E6EFCE /* AppDelegate.swift */ = {isa = PBXFileReference; lastKnownFileType = sourcecode.swift; path = AppDelegate.swift; sourceTree = "<group>"; };
		8A1C5F1F1DA7300D00E6EFCE /* ViewController.swift */ = {isa = PBXFileReference; lastKnownFileType = sourcecode.swift; path = ViewController.swift; sourceTree = "<group>"; };
		8A1C5F221DA7300D00E6EFCE /* Base */ = {isa = PBXFileReference; lastKnownFileType = file.storyboard; name = Base; path = Base.lproj/Main.storyboard; sourceTree = "<group>"; };
		8A1C5F241DA7300D00E6EFCE /* Assets.xcassets */ = {isa = PBXFileReference; lastKnownFileType = folder.assetcatalog; path = Assets.xcassets; sourceTree = "<group>"; };
		8A1C5F271DA7300D00E6EFCE /* Base */ = {isa = PBXFileReference; lastKnownFileType = file.storyboard; name = Base; path = Base.lproj/LaunchScreen.storyboard; sourceTree = "<group>"; };
		8A1C5F291DA7300D00E6EFCE /* Info.plist */ = {isa = PBXFileReference; lastKnownFileType = text.plist.xml; path = Info.plist; sourceTree = "<group>"; };
		8A1C5F2E1DA7300D00E6EFCE /* donggukTests.xctest */ = {isa = PBXFileReference; explicitFileType = wrapper.cfbundle; includeInIndex = 0; path = donggukTests.xctest; sourceTree = BUILT_PRODUCTS_DIR; };
		8A1C5F321DA7300D00E6EFCE /* donggukTests.swift */ = {isa = PBXFileReference; lastKnownFileType = sourcecode.swift; path = donggukTests.swift; sourceTree = "<group>"; };
		8A1C5F341DA7300D00E6EFCE /* Info.plist */ = {isa = PBXFileReference; lastKnownFileType = text.plist.xml; path = Info.plist; sourceTree = "<group>"; };
		8A1C5F391DA7300D00E6EFCE /* donggukUITests.xctest */ = {isa = PBXFileReference; explicitFileType = wrapper.cfbundle; includeInIndex = 0; path = donggukUITests.xctest; sourceTree = BUILT_PRODUCTS_DIR; };
		8A1C5F3D1DA7300D00E6EFCE /* donggukUITests.swift */ = {isa = PBXFileReference; lastKnownFileType = sourcecode.swift; path = donggukUITests.swift; sourceTree = "<group>"; };
		8A1C5F3F1DA7300D00E6EFCE /* Info.plist */ = {isa = PBXFileReference; lastKnownFileType = text.plist.xml; path = Info.plist; sourceTree = "<group>"; };
/* End PBXFileReference section */

/* Begin PBXFrameworksBuildPhase section */
		8A1C5F171DA7300D00E6EFCE /* Frameworks */ = {
			isa = PBXFrameworksBuildPhase;
			buildActionMask = 2147483647;
			files = (
			);
			runOnlyForDeploymentPostprocessing = 0;
		};
		8A1C5F2B1DA7300D00E6EFCE /* Frameworks */ = {
			isa = PBXFrameworksBuildPhase;
			buildActionMask = 2147483647;
			files = (
			);
			runOnlyForDeploymentPostprocessing = 0;
		};
		8A1C5F361DA7300D00E6EFCE /* Frameworks */ = {
			isa = PBXFrameworksBuildPhase;
			buildActionMask = 2147483647;
			files = (
			);
			runOnlyForDeploymentPostprocessing = 0;
		};
/* End PBXFrameworksBuildPhase section */

/* Begin PBXGroup section */
		8A1C5F111DA7300C00E6EFCE = {
			isa = PBXGroup;
			children = (
				8A1C5F1C1DA7300D00E6EFCE /* dongguk */,
				8A1C5F311DA7300D00E6EFCE /* donggukTests */,
				8A1C5F3C1DA7300D00E6EFCE /* donggukUITests */,
				8A1C5F1B1DA7300D00E6EFCE /* Products */,
			);
			sourceTree = "<group>";
		};
		8A1C5F1B1DA7300D00E6EFCE /* Products */ = {
			isa = PBXGroup;
			children = (
				8A1C5F1A1DA7300D00E6EFCE /* dongguk.app */,
				8A1C5F2E1DA7300D00E6EFCE /* donggukTests.xctest */,
				8A1C5F391DA7300D00E6EFCE /* donggukUITests.xctest */,
			);
			name = Products;
			sourceTree = "<group>";
		};
		8A1C5F1C1DA7300D00E6EFCE /* dongguk */ = {
			isa = PBXGroup;
			children = (
				8A1C5F1D1DA7300D00E6EFCE /* AppDelegate.swift */,
				8A1C5F1F1DA7300D00E6EFCE /* ViewController.swift */,
				8A1C5F211DA7300D00E6EFCE /* Main.storyboard */,
				8A1C5F241DA7300D00E6EFCE /* Assets.xcassets */,
				8A1C5F261DA7300D00E6EFCE /* LaunchScreen.storyboard */,
				8A1C5F291DA7300D00E6EFCE /* Info.plist */,
			);
			path = dongguk;
			sourceTree = "<group>";
		};
		8A1C5F311DA7300D00E6EFCE /* donggukTests */ = {
			isa = PBXGroup;
			children = (
				8A1C5F321DA7300D00E6EFCE /* donggukTests.swift */,
				8A1C5F341DA7300D00E6EFCE /* Info.plist */,
			);
			path = donggukTests;
			sourceTree = "<group>";
		};
		8A1C5F3C1DA7300D00E6EFCE /* donggukUITests */ = {
			isa = PBXGroup;
			children = (
				8A1C5F3D1DA7300D00E6EFCE /* donggukUITests.swift */,
				8A1C5F3F1DA7300D00E6EFCE /* Info.plist */,
			);
			path = donggukUITests;
			sourceTree = "<group>";
		};
/* End PBXGroup section */

/* Begin PBXNativeTarget section */
		8A1C5F191DA7300D00E6EFCE /* dongguk */ = {
			isa = PBXNativeTarget;
			buildConfigurationList = 8A1C5F421DA7300D00E6EFCE /* Build configuration list for PBXNativeTarget "dongguk" */;
			buildPhases = (
				8A1C5F161DA7300D00E6EFCE /* Sources */,
				8A1C5F171DA7300D00E6EFCE /* Frameworks */,
				8A1C5F181DA7300D00E6EFCE /* Resources */,
			);
			buildRules = (
			);
			dependencies = (
			);
			name = dongguk;
			productName = dongguk;
			productReference = 8A1C5F1A1DA7300D00E6EFCE /* dongguk.app */;
			productType = "com.apple.product-type.application";
		};
		8A1C5F2D1DA7300D00E6EFCE /* donggukTests */ = {
			isa = PBXNativeTarget;
			buildConfigurationList = 8A1C5F451DA7300D00E6EFCE /* Build configuration list for PBXNativeTarget "donggukTests" */;
			buildPhases = (
				8A1C5F2A1DA7300D00E6EFCE /* Sources */,
				8A1C5F2B1DA7300D00E6EFCE /* Frameworks */,
				8A1C5F2C1DA7300D00E6EFCE /* Resources */,
			);
			buildRules = (
			);
			dependencies = (
				8A1C5F301DA7300D00E6EFCE /* PBXTargetDependency */,
			);
			name = donggukTests;
			productName = donggukTests;
			productReference = 8A1C5F2E1DA7300D00E6EFCE /* donggukTests.xctest */;
			productType = "com.apple.product-type.bundle.unit-test";
		};
		8A1C5F381DA7300D00E6EFCE /* donggukUITests */ = {
			isa = PBXNativeTarget;
			buildConfigurationList = 8A1C5F481DA7300D00E6EFCE /* Build configuration list for PBXNativeTarget "donggukUITests" */;
			buildPhases = (
				8A1C5F351DA7300D00E6EFCE /* Sources */,
				8A1C5F361DA7300D00E6EFCE /* Frameworks */,
				8A1C5F371DA7300D00E6EFCE /* Resources */,
			);
			buildRules = (
			);
			dependencies = (
				8A1C5F3B1DA7300D00E6EFCE /* PBXTargetDependency */,
			);
			name = donggukUITests;
			productName = donggukUITests;
			productReference = 8A1C5F391DA7300D00E6EFCE /* donggukUITests.xctest */;
			productType = "com.apple.product-type.bundle.ui-testing";
		};
/* End PBXNativeTarget section */

/* Begin PBXProject section */
		8A1C5F121DA7300C00E6EFCE /* Project object */ = {
			isa = PBXProject;
			attributes = {
				LastSwiftUpdateCheck = 0730;
				LastUpgradeCheck = 0730;
				ORGANIZATIONNAME = "edu-dongguk";
				TargetAttributes = {
					8A1C5F191DA7300D00E6EFCE = {
						CreatedOnToolsVersion = 7.3.1;
					};
					8A1C5F2D1DA7300D00E6EFCE = {
						CreatedOnToolsVersion = 7.3.1;
						TestTargetID = 8A1C5F191DA7300D00E6EFCE;
					};
					8A1C5F381DA7300D00E6EFCE = {
						CreatedOnToolsVersion = 7.3.1;
						TestTargetID = 8A1C5F191DA7300D00E6EFCE;
					};
				};
			};
			buildConfigurationList = 8A1C5F151DA7300C00E6EFCE /* Build configuration list for PBXProject "dongguk" */;
			compatibilityVersion = "Xcode 3.2";
			developmentRegion = English;
			hasScannedForEncodings = 0;
			knownRegions = (
				en,
				Base,
			);
			mainGroup = 8A1C5F111DA7300C00E6EFCE;
			productRefGroup = 8A1C5F1B1DA7300D00E6EFCE /* Products */;
			projectDirPath = "";
			projectRoot = "";
			targets = (
				8A1C5F191DA7300D00E6EFCE /* dongguk */,
				8A1C5F2D1DA7300D00E6EFCE /* donggukTests */,
				8A1C5F381DA7300D00E6EFCE /* donggukUITests */,
			);
		};
/* End PBXProject section */

/* Begin PBXResourcesBuildPhase section */
		8A1C5F181DA7300D00E6EFCE /* Resources */ = {
			isa = PBXResourcesBuildPhase;
			buildActionMask = 2147483647;
			files = (
				8A1C5F281DA7300D00E6EFCE /* LaunchScreen.storyboard in Resources */,
				8A1C5F251DA7300D00E6EFCE /* Assets.xcassets in Resources */,
				8A1C5F231DA7300D00E6EFCE /* Main.storyboard in Resources */,
			);
			runOnlyForDeploymentPostprocessing = 0;
		};
		8A1C5F2C1DA7300D00E6EFCE /* Resources */ = {
			isa = PBXResourcesBuildPhase;
			buildActionMask = 2147483647;
			files = (
			);
			runOnlyForDeploymentPostprocessing = 0;
		};
		8A1C5F371DA7300D00E6EFCE /* Resources */ = {
			isa = PBXResourcesBuildPhase;
			buildActionMask = 2147483647;
			files = (
			);
			runOnlyForDeploymentPostprocessing = 0;
		};
/* End PBXResourcesBuildPhase section */

/* Begin PBXSourcesBuildPhase section */
		8A1C5F161DA7300D00E6EFCE /* Sources */ = {
			isa = PBXSourcesBuildPhase;
			buildActionMask = 2147483647;
			files = (
				8A1C5F201DA7300D00E6EFCE /* ViewController.swift in Sources */,
				8A1C5F1E1DA7300D00E6EFCE /* AppDelegate.swift in Sources */,
			);
			runOnlyForDeploymentPostprocessing = 0;
		};
		8A1C5F2A1DA7300D00E6EFCE /* Sources */ = {
			isa = PBXSourcesBuildPhase;
			buildActionMask = 2147483647;
			files = (
				8A1C5F331DA7300D00E6EFCE /* donggukTests.swift in Sources */,
			);
			runOnlyForDeploymentPostprocessing = 0;
		};
		8A1C5F351DA7300D00E6EFCE /* Sources */ = {
			isa = PBXSourcesBuildPhase;
			buildActionMask = 2147483647;
			files = (
				8A1C5F3E1DA7300D00E6EFCE /* donggukUITests.swift in Sources */,
			);
			runOnlyForDeploymentPostprocessing = 0;
		};
/* End PBXSourcesBuildPhase section */

/* Begin PBXTargetDependency section */
		8A1C5F301DA7300D00E6EFCE /* PBXTargetDependency */ = {
			isa = PBXTargetDependency;
			target = 8A1C5F191DA7300D00E6EFCE /* dongguk */;
			targetProxy = 8A1C5F2F1DA7300D00E6EFCE /* PBXContainerItemProxy */;
		};
		8A1C5F3B1DA7300D00E6EFCE /* PBXTargetDependency */ = {
			isa = PBXTargetDependency;
			target = 8A1C5F191DA7300D00E6EFCE /* dongguk */;
			targetProxy = 8A1C5F3A1DA7300D00E6EFCE /* PBXContainerItemProxy */;
		};
/* End PBXTargetDependency section */

/* Begin PBXVariantGroup section */
		8A1C5F211DA7300D00E6EFCE /* Main.storyboard */ = {
			isa = PBXVariantGroup;
			children = (
				8A1C5F221DA7300D00E6EFCE /* Base */,
			);
			name = Main.storyboard;
			sourceTree = "<group>";
		};
		8A1C5F261DA7300D00E6EFCE /* LaunchScreen.storyboard */ = {
			isa = PBXVariantGroup;
			children = (
				8A1C5F271DA7300D00E6EFCE /* Base */,
			);
			name = LaunchScreen.storyboard;
			sourceTree = "<group>";
		};
/* End PBXVariantGroup section */

/* Begin XCBuildConfiguration section */
		8A1C5F401DA7300D00E6EFCE /* Debug */ = {
			isa = XCBuildConfiguration;
			buildSettings = {
				ALWAYS_SEARCH_USER_PATHS = NO;
				CLANG_ANALYZER_NONNULL = YES;
				CLANG_CXX_LANGUAGE_STANDARD = "gnu++0x";
				CLANG_CXX_LIBRARY = "libc++";
				CLANG_ENABLE_MODULES = YES;
				CLANG_ENABLE_OBJC_ARC = YES;
				CLANG_WARN_BOOL_CONVERSION = YES;
				CLANG_WARN_CONSTANT_CONVERSION = YES;
				CLANG_WARN_DIRECT_OBJC_ISA_USAGE = YES_ERROR;
				CLANG_WARN_EMPTY_BODY = YES;
				CLANG_WARN_ENUM_CONVERSION = YES;
				CLANG_WARN_INT_CONVERSION = YES;
				CLANG_WARN_OBJC_ROOT_CLASS = YES_ERROR;
				CLANG_WARN_UNREACHABLE_CODE = YES;
				CLANG_WARN__DUPLICATE_METHOD_MATCH = YES;
				"CODE_SIGN_IDENTITY[sdk=iphoneos*]" = "iPhone Developer";
				COPY_PHASE_STRIP = NO;
				DEBUG_INFORMATION_FORMAT = dwarf;
				ENABLE_STRICT_OBJC_MSGSEND = YES;
				ENABLE_TESTABILITY = YES;
				GCC_C_LANGUAGE_STANDARD = gnu99;
				GCC_DYNAMIC_NO_PIC = NO;
				GCC_NO_COMMON_BLOCKS = YES;
				GCC_OPTIMIZATION_LEVEL = 0;
				GCC_PREPROCESSOR_DEFINITIONS = (
					"DEBUG=1",
					"$(inherited)",
				);
				GCC_WARN_64_TO_32_BIT_CONVERSION = YES;
				GCC_WARN_ABOUT_RETURN_TYPE = YES_ERROR;
				GCC_WARN_UNDECLARED_SELECTOR = YES;
				GCC_WARN_UNINITIALIZED_AUTOS = YES_AGGRESSIVE;
				GCC_WARN_UNUSED_FUNCTION = YES;
				GCC_WARN_UNUSED_VARIABLE = YES;
				IPHONEOS_DEPLOYMENT_TARGET = 9.3;
				MTL_ENABLE_DEBUG_INFO = YES;
				ONLY_ACTIVE_ARCH = YES;
				SDKROOT = iphoneos;
				SWIFT_OPTIMIZATION_LEVEL = "-Onone";
				TARGETED_DEVICE_FAMILY = "1,2";
			};
			name = Debug;
		};
		8A1C5F411DA7300D00E6EFCE /* Release */ = {
			isa = XCBuildConfiguration;
			buildSettings = {
				ALWAYS_SEARCH_USER_PATHS = NO;
				CLANG_ANALYZER_NONNULL = YES;
				CLANG_CXX_LANGUAGE_STANDARD = "gnu++0x";
				CLANG_CXX_LIBRARY = "libc++";
				CLANG_ENABLE_MODULES = YES;
				CLANG_ENABLE_OBJC_ARC = YES;
				CLANG_WARN_BOOL_CONVERSION = YES;
				CLANG_WARN_CONSTANT_CONVERSION = YES;
				CLANG_WARN_DIRECT_OBJC_ISA_USAGE = YES_ERROR;
				CLANG_WARN_EMPTY_BODY = YES;
				CLANG_WARN_ENUM_CONVERSION = YES;
				CLANG_WARN_INT_CONVERSION = YES;
				CLANG_WARN_OBJC_ROOT_CLASS = YES_ERROR;
				CLANG_WARN_UNREACHABLE_CODE = YES;
				CLANG_WARN__DUPLICATE_METHOD_MATCH = YES;
				"CODE_SIGN_IDENTITY[sdk=iphoneos*]" = "iPhone Developer";
				COPY_PHASE_STRIP = NO;
				DEBUG_INFORMATION_FORMAT = "dwarf-with-dsym";
				ENABLE_NS_ASSERTIONS = NO;
				ENABLE_STRICT_OBJC_MSGSEND = YES;
				GCC_C_LANGUAGE_STANDARD = gnu99;
				GCC_NO_COMMON_BLOCKS = YES;
				GCC_WARN_64_TO_32_BIT_CONVERSION = YES;
				GCC_WARN_ABOUT_RETURN_TYPE = YES_ERROR;
				GCC_WARN_UNDECLARED_SELECTOR = YES;
				GCC_WARN_UNINITIALIZED_AUTOS = YES_AGGRESSIVE;
				GCC_WARN_UNUSED_FUNCTION = YES;
				GCC_WARN_UNUSED_VARIABLE = YES;
				IPHONEOS_DEPLOYMENT_TARGET = 9.3;
				MTL_ENABLE_DEBUG_INFO = NO;
				SDKROOT = iphoneos;
				TARGETED_DEVICE_FAMILY = "1,2";
				VALIDATE_PRODUCT = YES;
			};
			name = Release;
		};
		8A1C5F431DA7300D00E6EFCE /* Debug */ = {
			isa = XCBuildConfiguration;
			buildSettings = {
				ASSETCATALOG_COMPILER_APPICON_NAME = AppIcon;
				INFOPLIST_FILE = dongguk/Info.plist;
				LD_RUNPATH_SEARCH_PATHS = "$(inherited) @executable_path/Frameworks";
				PRODUCT_BUNDLE_IDENTIFIER = qwert.dongguk;
				PRODUCT_NAME = "$(TARGET_NAME)";
			};
			name = Debug;
		};
		8A1C5F441DA7300D00E6EFCE /* Release */ = {
			isa = XCBuildConfiguration;
			buildSettings = {
				ASSETCATALOG_COMPILER_APPICON_NAME = AppIcon;
				INFOPLIST_FILE = dongguk/Info.plist;
				LD_RUNPATH_SEARCH_PATHS = "$(inherited) @executable_path/Frameworks";
				PRODUCT_BUNDLE_IDENTIFIER = qwert.dongguk;
				PRODUCT_NAME = "$(TARGET_NAME)";
			};
			name = Release;
		};
		8A1C5F461DA7300D00E6EFCE /* Debug */ = {
			isa = XCBuildConfiguration;
			buildSettings = {
				BUNDLE_LOADER = "$(TEST_HOST)";
				INFOPLIST_FILE = donggukTests/Info.plist;
				LD_RUNPATH_SEARCH_PATHS = "$(inherited) @executable_path/Frameworks @loader_path/Frameworks";
				PRODUCT_BUNDLE_IDENTIFIER = qwert.donggukTests;
				PRODUCT_NAME = "$(TARGET_NAME)";
				TEST_HOST = "$(BUILT_PRODUCTS_DIR)/dongguk.app/dongguk";
			};
			name = Debug;
		};
		8A1C5F471DA7300D00E6EFCE /* Release */ = {
			isa = XCBuildConfiguration;
			buildSettings = {
				BUNDLE_LOADER = "$(TEST_HOST)";
				INFOPLIST_FILE = donggukTests/Info.plist;
				LD_RUNPATH_SEARCH_PATHS = "$(inherited) @executable_path/Frameworks @loader_path/Frameworks";
				PRODUCT_BUNDLE_IDENTIFIER = qwert.donggukTests;
				PRODUCT_NAME = "$(TARGET_NAME)";
				TEST_HOST = "$(BUILT_PRODUCTS_DIR)/dongguk.app/dongguk";
			};
			name = Release;
		};
		8A1C5F491DA7300D00E6EFCE /* Debug */ = {
			isa = XCBuildConfiguration;
			buildSettings = {
				INFOPLIST_FILE = donggukUITests/Info.plist;
				LD_RUNPATH_SEARCH_PATHS = "$(inherited) @executable_path/Frameworks @loader_path/Frameworks";
				PRODUCT_BUNDLE_IDENTIFIER = qwert.donggukUITests;
				PRODUCT_NAME = "$(TARGET_NAME)";
				TEST_TARGET_NAME = dongguk;
			};
			name = Debug;
		};
		8A1C5F4A1DA7300D00E6EFCE /* Release */ = {
			isa = XCBuildConfiguration;
			buildSettings = {
				INFOPLIST_FILE = donggukUITests/Info.plist;
				LD_RUNPATH_SEARCH_PATHS = "$(inherited) @executable_path/Frameworks @loader_path/Frameworks";
				PRODUCT_BUNDLE_IDENTIFIER = qwert.donggukUITests;
				PRODUCT_NAME = "$(TARGET_NAME)";
				TEST_TARGET_NAME = dongguk;
			};
			name = Release;
		};
/* End XCBuildConfiguration section */

/* Begin XCConfigurationList section */
		8A1C5F151DA7300C00E6EFCE /* Build configuration list for PBXProject "dongguk" */ = {
			isa = XCConfigurationList;
			buildConfigurations = (
				8A1C5F401DA7300D00E6EFCE /* Debug */,
				8A1C5F411DA7300D00E6EFCE /* Release */,
			);
			defaultConfigurationIsVisible = 0;
			defaultConfigurationName = Release;
		};
		8A1C5F421DA7300D00E6EFCE /* Build configuration list for PBXNativeTarget "dongguk" */ = {
			isa = XCConfigurationList;
			buildConfigurations = (
				8A1C5F431DA7300D00E6EFCE /* Debug */,
				8A1C5F441DA7300D00E6EFCE /* Release */,
			);
			defaultConfigurationIsVisible = 0;
		};
		8A1C5F451DA7300D00E6EFCE /* Build configuration list for PBXNativeTarget "donggukTests" */ = {
			isa = XCConfigurationList;
			buildConfigurations = (
				8A1C5F461DA7300D00E6EFCE /* Debug */,
				8A1C5F471DA7300D00E6EFCE /* Release */,
			);
			defaultConfigurationIsVisible = 0;
		};
		8A1C5F481DA7300D00E6EFCE /* Build configuration list for PBXNativeTarget "donggukUITests" */ = {
			isa = XCConfigurationList;
			buildConfigurations = (
				8A1C5F491DA7300D00E6EFCE /* Debug */,
				8A1C5F4A1DA7300D00E6EFCE /* Release */,
			);
			defaultConfigurationIsVisible = 0;
		};
/* End XCConfigurationList section */
	};
	rootObject = 8A1C5F121DA7300C00E6EFCE /* Project object */;
}
